
Microsoft Visual Studio Solution File, Format Version 12.00
# Visual Studio 15
VisualStudioVersion = 15.0.26124.0
MinimumVisualStudioVersion = 15.0.26124.0
Project("{FAE04EC0-301F-11D3-BF4B-00C04F79EFBC}") = "Blog.Model", "Blog.Model\Blog.Model.csproj", "{0A553E61-0F1F-4784-B692-E3174848AF8A}"
EndProject
Project("{FAE04EC0-301F-11D3-BF4B-00C04F79EFBC}") = "Blog.Data", "Blog.Data\Blog.Data.csproj", "{C597CEE2-8CA5-4DDA-8D74-6AEEBC7EF7AD}"
EndProject
Project("{FAE04EC0-301F-11D3-BF4B-00C04F79EFBC}") = "Blog.API", "Blog.API\Blog.API.csproj", "{D4692B2D-F4AC-4D8E-99C6-A6E7398BEBDF}"
EndProject
Project("{FAE04EC0-301F-11D3-BF4B-00C04F79EFBC}") = "Blog.Web", "Blog.Web\Blog.Web.csproj", "{501E28E9-199C-4731-9DB5-EADCE5ADADA5}"
EndProject
Global
	GlobalSection(SolutionConfigurationPlatforms) = preSolution
		Debug|Any CPU = Debug|Any CPU
		Debug|x64 = Debug|x64
		Debug|x86 = Debug|x86
		Release|Any CPU = Release|Any CPU
		Release|x64 = Release|x64
		Release|x86 = Release|x86
	EndGlobalSection
	GlobalSection(SolutionProperties) = preSolution
		HideSolutionNode = FALSE
	EndGlobalSection
	GlobalSection(ProjectConfigurationPlatforms) = postSolution
		{0A553E61-0F1F-4784-B692-E3174848AF8A}.Debug|Any CPU.ActiveCfg = Debug|Any CPU
		{0A553E61-0F1F-4784-B692-E3174848AF8A}.Debug|Any CPU.Build.0 = Debug|Any CPU
		{0A553E61-0F1F-4784-B692-E3174848AF8A}.Debug|x64.ActiveCfg = Debug|Any CPU
		{0A553E61-0F1F-4784-B692-E3174848AF8A}.Debug|x64.Build.0 = Debug|Any CPU
		{0A553E61-0F1F-4784-B692-E3174848AF8A}.Debug|x86.ActiveCfg = Debug|Any CPU
		{0A553E61-0F1F-4784-B692-E3174848AF8A}.Debug|x86.Build.0 = Debug|Any CPU
		{0A553E61-0F1F-4784-B692-E3174848AF8A}.Release|Any CPU.ActiveCfg = Release|Any CPU
		{0A553E61-0F1F-4784-B692-E3174848AF8A}.Release|Any CPU.Build.0 = Release|Any CPU
		{0A553E61-0F1F-4784-B692-E3174848AF8A}.Release|x64.ActiveCfg = Release|Any CPU
		{0A553E61-0F1F-4784-B692-E3174848AF8A}.Release|x64.Build.0 = Release|Any CPU
		{0A553E61-0F1F-4784-B692-E3174848AF8A}.Release|x86.ActiveCfg = Release|Any CPU
		{0A553E61-0F1F-4784-B692-E3174848AF8A}.Release|x86.Build.0 = Release|Any CPU
		{C597CEE2-8CA5-4DDA-8D74-6AEEBC7EF7AD}.Debug|Any CPU.ActiveCfg = Debug|Any CPU
		{C597CEE2-8CA5-4DDA-8D74-6AEEBC7EF7AD}.Debug|Any CPU.Build.0 = Debug|Any CPU
		{C597CEE2-8CA5-4DDA-8D74-6AEEBC7EF7AD}.Debug|x64.ActiveCfg = Debug|Any CPU
		{C597CEE2-8CA5-4DDA-8D74-6AEEBC7EF7AD}.Debug|x64.Build.0 = Debug|Any CPU
		{C597CEE2-8CA5-4DDA-8D74-6AEEBC7EF7AD}.Debug|x86.ActiveCfg = Debug|Any CPU
		{C597CEE2-8CA5-4DDA-8D74-6AEEBC7EF7AD}.Debug|x86.Build.0 = Debug|Any CPU
		{C597CEE2-8CA5-4DDA-8D74-6AEEBC7EF7AD}.Release|Any CPU.ActiveCfg = Release|Any CPU
		{C597CEE2-8CA5-4DDA-8D74-6AEEBC7EF7AD}.Release|Any CPU.Build.0 = Release|Any CPU
		{C597CEE2-8CA5-4DDA-8D74-6AEEBC7EF7AD}.Release|x64.ActiveCfg = Release|Any CPU
		{C597CEE2-8CA5-4DDA-8D74-6AEEBC7EF7AD}.Release|x64.Build.0 = Release|Any CPU
		{C597CEE2-8CA5-4DDA-8D74-6AEEBC7EF7AD}.Release|x86.ActiveCfg = Release|Any CPU
		{C597CEE2-8CA5-4DDA-8D74-6AEEBC7EF7AD}.Release|x86.Build.0 = Release|Any CPU
		{D4692B2D-F4AC-4D8E-99C6-A6E7398BEBDF}.Debug|Any CPU.ActiveCfg = Debug|Any CPU
		{D4692B2D-F4AC-4D8E-99C6-A6E7398BEBDF}.Debug|Any CPU.Build.0 = Debug|Any CPU
		{D4692B2D-F4AC-4D8E-99C6-A6E7398BEBDF}.Debug|x64.ActiveCfg = Debug|Any CPU
		{D4692B2D-F4AC-4D8E-99C6-A6E7398BEBDF}.Debug|x64.Build.0 = Debug|Any CPU
		{D4692B2D-F4AC-4D8E-99C6-A6E7398BEBDF}.Debug|x86.ActiveCfg = Debug|Any CPU
		{D4692B2D-F4AC-4D8E-99C6-A6E7398BEBDF}.Debug|x86.Build.0 = Debug|Any CPU
		{D4692B2D-F4AC-4D8E-99C6-A6E7398BEBDF}.Release|Any CPU.ActiveCfg = Release|Any CPU
		{D4692B2D-F4AC-4D8E-99C6-A6E7398BEBDF}.Release|Any CPU.Build.0 = Release|Any CPU
		{D4692B2D-F4AC-4D8E-99C6-A6E7398BEBDF}.Release|x64.ActiveCfg = Release|Any CPU
		{D4692B2D-F4AC-4D8E-99C6-A6E7398BEBDF}.Release|x64.Build.0 = Release|Any CPU
		{D4692B2D-F4AC-4D8E-99C6-A6E7398BEBDF}.Release|x86.ActiveCfg = Release|Any CPU
		{D4692B2D-F4AC-4D8E-99C6-A6E7398BEBDF}.Release|x86.Build.0 = Release|Any CPU
		{501E28E9-199C-4731-9DB5-EADCE5ADADA5}.Debug|Any CPU.ActiveCfg = Debug|Any CPU
		{501E28E9-199C-4731-9DB5-EADCE5ADADA5}.Debug|Any CPU.Build.0 = Debug|Any CPU
		{501E28E9-199C-4731-9DB5-EADCE5ADADA5}.Debug|x64.ActiveCfg = Debug|Any CPU
		{501E28E9-199C-4731-9DB5-EADCE5ADADA5}.Debug|x64.Build.0 = Debug|Any CPU
		{501E28E9-199C-4731-9DB5-EADCE5ADADA5}.Debug|x86.ActiveCfg = Debug|Any CPU
		{501E28E9-199C-4731-9DB5-EADCE5ADADA5}.Debug|x86.Build.0 = Debug|Any CPU
		{501E28E9-199C-4731-9DB5-EADCE5ADADA5}.Release|Any CPU.ActiveCfg = Release|Any CPU
		{501E28E9-199C-4731-9DB5-EADCE5ADADA5}.Release|Any CPU.Build.0 = Release|Any CPU
		{501E28E9-199C-4731-9DB5-EADCE5ADADA5}.Release|x64.ActiveCfg = Release|Any CPU
		{501E28E9-199C-4731-9DB5-EADCE5ADADA5}.Release|x64.Build.0 = Release|Any CPU
		{501E28E9-199C-4731-9DB5-EADCE5ADADA5}.Release|x86.ActiveCfg = Release|Any CPU
		{501E28E9-199C-4731-9DB5-EADCE5ADADA5}.Release|x86.Build.0 = Release|Any CPU
	EndGlobalSection
EndGlobal
